
Microsoft Visual Studio Solution File, Format Version 12.00
# Visual Studio 14
VisualStudioVersion = 14.0.25420.1
MinimumVisualStudioVersion = 10.0.40219.1
Project("{8BC9CEB8-8B4A-11D0-8D11-00A0C91BC942}") = "DoHoaComputer", "DoHoaComputer\DoHoaComputer.vcxproj", "{24BF8CAE-6291-4B6D-841E-F6A4DEF456E9}"
EndProject
Project("{8BC9CEB8-8B4A-11D0-8D11-00A0C91BC942}") = "Lab01_Bai01", "Lab01\Lab01.vcxproj", "{002EC7E2-8A5E-4F3F-A388-139FDF9B59C3}"
EndProject
Project("{8BC9CEB8-8B4A-11D0-8D11-00A0C91BC942}") = "Lab01_Bai02", "Lab01_Bai02\Lab01_Bai02.vcxproj", "{67D2C25D-6080-4A5C-A77E-CB2FBBBC28F4}"
EndProject
Project("{8BC9CEB8-8B4A-11D0-8D11-00A0C91BC942}") = "Lab01_Bai03", "Lab01_Bai03\Lab01_Bai03.vcxproj", "{F9E1AC2F-B358-4A85-9DF4-AC2EC3543BDD}"
EndProject
Project("{8BC9CEB8-8B4A-11D0-8D11-00A0C91BC942}") = "Lab01_Bai04", "Lab01_Bai04\Lab01_Bai04.vcxproj", "{E7666D89-1D9A-4436-8481-0923D4AD7E87}"
EndProject
Project("{8BC9CEB8-8B4A-11D0-8D11-00A0C91BC942}") = "Lab01_Bai05", "Lab01_Bai05\Lab01_Bai05.vcxproj", "{F9E0A7D4-242D-4AFE-9523-A990E2994902}"
EndProject
Project("{8BC9CEB8-8B4A-11D0-8D11-00A0C91BC942}") = "Lab01_Bai06", "Lab01_Bai06\Lab01_Bai06.vcxproj", "{D8BAE8E2-BE50-46A3-B381-DDCC237A0E74}"
EndProject
Project("{8BC9CEB8-8B4A-11D0-8D11-00A0C91BC942}") = "Lab01_Bai07", "Lab01_Bai07\Lab01_Bai07.vcxproj", "{4BCD1E27-6984-4265-B14F-15B89E0E53C8}"
EndProject
Global
	GlobalSection(SolutionConfigurationPlatforms) = preSolution
		Debug|x64 = Debug|x64
		Debug|x86 = Debug|x86
		Release|x64 = Release|x64
		Release|x86 = Release|x86
	EndGlobalSection
	GlobalSection(ProjectConfigurationPlatforms) = postSolution
		{24BF8CAE-6291-4B6D-841E-F6A4DEF456E9}.Debug|x64.ActiveCfg = Debug|x64
		{24BF8CAE-6291-4B6D-841E-F6A4DEF456E9}.Debug|x64.Build.0 = Debug|x64
		{24BF8CAE-6291-4B6D-841E-F6A4DEF456E9}.Debug|x86.ActiveCfg = Debug|Win32
		{24BF8CAE-6291-4B6D-841E-F6A4DEF456E9}.Debug|x86.Build.0 = Debug|Win32
		{24BF8CAE-6291-4B6D-841E-F6A4DEF456E9}.Release|x64.ActiveCfg = Release|x64
		{24BF8CAE-6291-4B6D-841E-F6A4DEF456E9}.Release|x64.Build.0 = Release|x64
		{24BF8CAE-6291-4B6D-841E-F6A4DEF456E9}.Release|x86.ActiveCfg = Release|Win32
		{24BF8CAE-6291-4B6D-841E-F6A4DEF456E9}.Release|x86.Build.0 = Release|Win32
		{002EC7E2-8A5E-4F3F-A388-139FDF9B59C3}.Debug|x64.ActiveCfg = Debug|x64
		{002EC7E2-8A5E-4F3F-A388-139FDF9B59C3}.Debug|x64.Build.0 = Debug|x64
		{002EC7E2-8A5E-4F3F-A388-139FDF9B59C3}.Debug|x86.ActiveCfg = Debug|Win32
		{002EC7E2-8A5E-4F3F-A388-139FDF9B59C3}.Debug|x86.Build.0 = Debug|Win32
		{002EC7E2-8A5E-4F3F-A388-139FDF9B59C3}.Release|x64.ActiveCfg = Release|x64
		{002EC7E2-8A5E-4F3F-A388-139FDF9B59C3}.Release|x64.Build.0 = Release|x64
		{002EC7E2-8A5E-4F3F-A388-139FDF9B59C3}.Release|x86.ActiveCfg = Release|Win32
		{002EC7E2-8A5E-4F3F-A388-139FDF9B59C3}.Release|x86.Build.0 = Release|Win32
		{67D2C25D-6080-4A5C-A77E-CB2FBBBC28F4}.Debug|x64.ActiveCfg = Debug|x64
		{67D2C25D-6080-4A5C-A77E-CB2FBBBC28F4}.Debug|x64.Build.0 = Debug|x64
		{67D2C25D-6080-4A5C-A77E-CB2FBBBC28F4}.Debug|x86.ActiveCfg = Debug|Win32
		{67D2C25D-6080-4A5C-A77E-CB2FBBBC28F4}.Debug|x86.Build.0 = Debug|Win32
		{67D2C25D-6080-4A5C-A77E-CB2FBBBC28F4}.Release|x64.ActiveCfg = Release|x64
		{67D2C25D-6080-4A5C-A77E-CB2FBBBC28F4}.Release|x64.Build.0 = Release|x64
		{67D2C25D-6080-4A5C-A77E-CB2FBBBC28F4}.Release|x86.ActiveCfg = Release|Win32
		{67D2C25D-6080-4A5C-A77E-CB2FBBBC28F4}.Release|x86.Build.0 = Release|Win32
		{F9E1AC2F-B358-4A85-9DF4-AC2EC3543BDD}.Debug|x64.ActiveCfg = Debug|x64
		{F9E1AC2F-B358-4A85-9DF4-AC2EC3543BDD}.Debug|x64.Build.0 = Debug|x64
		{F9E1AC2F-B358-4A85-9DF4-AC2EC3543BDD}.Debug|x86.ActiveCfg = Debug|Win32
		{F9E1AC2F-B358-4A85-9DF4-AC2EC3543BDD}.Debug|x86.Build.0 = Debug|Win32
		{F9E1AC2F-B358-4A85-9DF4-AC2EC3543BDD}.Release|x64.ActiveCfg = Release|x64
		{F9E1AC2F-B358-4A85-9DF4-AC2EC3543BDD}.Release|x64.Build.0 = Release|x64
		{F9E1AC2F-B358-4A85-9DF4-AC2EC3543BDD}.Release|x86.ActiveCfg = Release|Win32
		{F9E1AC2F-B358-4A85-9DF4-AC2EC3543BDD}.Release|x86.Build.0 = Release|Win32
		{E7666D89-1D9A-4436-8481-0923D4AD7E87}.Debug|x64.ActiveCfg = Debug|x64
		{E7666D89-1D9A-4436-8481-0923D4AD7E87}.Debug|x64.Build.0 = Debug|x64
		{E7666D89-1D9A-4436-8481-0923D4AD7E87}.Debug|x86.ActiveCfg = Debug|Win32
		{E7666D89-1D9A-4436-8481-0923D4AD7E87}.Debug|x86.Build.0 = Debug|Win32
		{E7666D89-1D9A-4436-8481-0923D4AD7E87}.Release|x64.ActiveCfg = Release|x64
		{E7666D89-1D9A-4436-8481-0923D4AD7E87}.Release|x64.Build.0 = Release|x64
		{E7666D89-1D9A-4436-8481-0923D4AD7E87}.Release|x86.ActiveCfg = Release|Win32
		{E7666D89-1D9A-4436-8481-0923D4AD7E87}.Release|x86.Build.0 = Release|Win32
		{F9E0A7D4-242D-4AFE-9523-A990E2994902}.Debug|x64.ActiveCfg = Debug|x64
		{F9E0A7D4-242D-4AFE-9523-A990E2994902}.Debug|x64.Build.0 = Debug|x64
		{F9E0A7D4-242D-4AFE-9523-A990E2994902}.Debug|x86.ActiveCfg = Debug|Win32
		{F9E0A7D4-242D-4AFE-9523-A990E2994902}.Debug|x86.Build.0 = Debug|Win32
		{F9E0A7D4-242D-4AFE-9523-A990E2994902}.Release|x64.ActiveCfg = Release|x64
		{F9E0A7D4-242D-4AFE-9523-A990E2994902}.Release|x64.Build.0 = Release|x64
		{F9E0A7D4-242D-4AFE-9523-A990E2994902}.Release|x86.ActiveCfg = Release|Win32
		{F9E0A7D4-242D-4AFE-9523-A990E2994902}.Release|x86.Build.0 = Release|Win32
		{D8BAE8E2-BE50-46A3-B381-DDCC237A0E74}.Debug|x64.ActiveCfg = Debug|x64
		{D8BAE8E2-BE50-46A3-B381-DDCC237A0E74}.Debug|x64.Build.0 = Debug|x64
		{D8BAE8E2-BE50-46A3-B381-DDCC237A0E74}.Debug|x86.ActiveCfg = Debug|Win32
		{D8BAE8E2-BE50-46A3-B381-DDCC237A0E74}.Debug|x86.Build.0 = Debug|Win32
		{D8BAE8E2-BE50-46A3-B381-DDCC237A0E74}.Release|x64.ActiveCfg = Release|x64
		{D8BAE8E2-BE50-46A3-B381-DDCC237A0E74}.Release|x64.Build.0 = Release|x64
		{D8BAE8E2-BE50-46A3-B381-DDCC237A0E74}.Release|x86.ActiveCfg = Release|Win32
		{D8BAE8E2-BE50-46A3-B381-DDCC237A0E74}.Release|x86.Build.0 = Release|Win32
		{4BCD1E27-6984-4265-B14F-15B89E0E53C8}.Debug|x64.ActiveCfg = Debug|x64
		{4BCD1E27-6984-4265-B14F-15B89E0E53C8}.Debug|x64.Build.0 = Debug|x64
		{4BCD1E27-6984-4265-B14F-15B89E0E53C8}.Debug|x86.ActiveCfg = Debug|Win32
		{4BCD1E27-6984-4265-B14F-15B89E0E53C8}.Debug|x86.Build.0 = Debug|Win32
		{4BCD1E27-6984-4265-B14F-15B89E0E53C8}.Release|x64.ActiveCfg = Release|x64
		{4BCD1E27-6984-4265-B14F-15B89E0E53C8}.Release|x64.Build.0 = Release|x64
		{4BCD1E27-6984-4265-B14F-15B89E0E53C8}.Release|x86.ActiveCfg = Release|Win32
		{4BCD1E27-6984-4265-B14F-15B89E0E53C8}.Release|x86.Build.0 = Release|Win32
	EndGlobalSection
	GlobalSection(SolutionProperties) = preSolution
		HideSolutionNode = FALSE
	EndGlobalSection
EndGlobal
